
Microsoft Visual Studio Solution File, Format Version 12.00
# Visual Studio Version 16
VisualStudioVersion = 16.0.30907.101
MinimumVisualStudioVersion = 10.0.40219.1
Project("{9A19103F-16F7-4668-BE54-9A1E7A4F7556}") = "DataAccess", "DataAccess\DataAccess.csproj", "{ECE9A22B-C389-49CB-AE9F-FB8D54A3B2AA}"
EndProject
Project("{9A19103F-16F7-4668-BE54-9A1E7A4F7556}") = "Entites", "Entites\Entites.csproj", "{4ED02252-044F-4AA4-92B1-D4302FD81A82}"
EndProject
Project("{9A19103F-16F7-4668-BE54-9A1E7A4F7556}") = "Business", "Business\Business.csproj", "{B871904C-ED25-4871-955B-0B7C1E54A5E5}"
EndProject
Project("{9A19103F-16F7-4668-BE54-9A1E7A4F7556}") = "ConsoleUI", "ConsoleUI\ConsoleUI.csproj", "{8C767A1D-1F44-4E85-A904-2B2CE505FDF3}"
EndProject
Project("{FAE04EC0-301F-11D3-BF4B-00C04F79EFBC}") = "Core", "Core\Core.csproj", "{88BE9B62-AF7C-4BF2-A452-AC3407BB8737}"
EndProject
Global
	GlobalSection(SolutionConfigurationPlatforms) = preSolution
		Debug|Any CPU = Debug|Any CPU
		Release|Any CPU = Release|Any CPU
	EndGlobalSection
	GlobalSection(ProjectConfigurationPlatforms) = postSolution
		{ECE9A22B-C389-49CB-AE9F-FB8D54A3B2AA}.Debug|Any CPU.ActiveCfg = Debug|Any CPU
		{ECE9A22B-C389-49CB-AE9F-FB8D54A3B2AA}.Debug|Any CPU.Build.0 = Debug|Any CPU
		{ECE9A22B-C389-49CB-AE9F-FB8D54A3B2AA}.Release|Any CPU.ActiveCfg = Release|Any CPU
		{ECE9A22B-C389-49CB-AE9F-FB8D54A3B2AA}.Release|Any CPU.Build.0 = Release|Any CPU
		{4ED02252-044F-4AA4-92B1-D4302FD81A82}.Debug|Any CPU.ActiveCfg = Debug|Any CPU
		{4ED02252-044F-4AA4-92B1-D4302FD81A82}.Debug|Any CPU.Build.0 = Debug|Any CPU
		{4ED02252-044F-4AA4-92B1-D4302FD81A82}.Release|Any CPU.ActiveCfg = Release|Any CPU
		{4ED02252-044F-4AA4-92B1-D4302FD81A82}.Release|Any CPU.Build.0 = Release|Any CPU
		{B871904C-ED25-4871-955B-0B7C1E54A5E5}.Debug|Any CPU.ActiveCfg = Debug|Any CPU
		{B871904C-ED25-4871-955B-0B7C1E54A5E5}.Debug|Any CPU.Build.0 = Debug|Any CPU
		{B871904C-ED25-4871-955B-0B7C1E54A5E5}.Release|Any CPU.ActiveCfg = Release|Any CPU
		{B871904C-ED25-4871-955B-0B7C1E54A5E5}.Release|Any CPU.Build.0 = Release|Any CPU
		{8C767A1D-1F44-4E85-A904-2B2CE505FDF3}.Debug|Any CPU.ActiveCfg = Debug|Any CPU
		{8C767A1D-1F44-4E85-A904-2B2CE505FDF3}.Debug|Any CPU.Build.0 = Debug|Any CPU
		{8C767A1D-1F44-4E85-A904-2B2CE505FDF3}.Release|Any CPU.ActiveCfg = Release|Any CPU
		{8C767A1D-1F44-4E85-A904-2B2CE505FDF3}.Release|Any CPU.Build.0 = Release|Any CPU
		{88BE9B62-AF7C-4BF2-A452-AC3407BB8737}.Debug|Any CPU.ActiveCfg = Debug|Any CPU
		{88BE9B62-AF7C-4BF2-A452-AC3407BB8737}.Debug|Any CPU.Build.0 = Debug|Any CPU
		{88BE9B62-AF7C-4BF2-A452-AC3407BB8737}.Release|Any CPU.ActiveCfg = Release|Any CPU
		{88BE9B62-AF7C-4BF2-A452-AC3407BB8737}.Release|Any CPU.Build.0 = Release|Any CPU
	EndGlobalSection
	GlobalSection(SolutionProperties) = preSolution
		HideSolutionNode = FALSE
	EndGlobalSection
	GlobalSection(ExtensibilityGlobals) = postSolution
		SolutionGuid = {C68DDA40-5579-4847-B664-279213AFF143}
	EndGlobalSection
EndGlobal
